
Microsoft Visual Studio Solution File, Format Version 12.00
# Visual Studio Version 16
VisualStudioVersion = 16.0.31515.178
MinimumVisualStudioVersion = 10.0.40219.1
Project("{888888A0-9F3D-457C-B088-3A5042F75D52}") = "Guessing Game Lab", "Guessing Game Lab\Guessing Game Lab.pyproj", "{16ABAD82-9BB3-4209-AD19-4769CEF32C68}"
EndProject
Global
	GlobalSection(SolutionConfigurationPlatforms) = preSolution
		Debug|Any CPU = Debug|Any CPU
		Release|Any CPU = Release|Any CPU
	EndGlobalSection
	GlobalSection(ProjectConfigurationPlatforms) = postSolution
		{16ABAD82-9BB3-4209-AD19-4769CEF32C68}.Debug|Any CPU.ActiveCfg = Debug|Any CPU
		{16ABAD82-9BB3-4209-AD19-4769CEF32C68}.Release|Any CPU.ActiveCfg = Release|Any CPU
	EndGlobalSection
	GlobalSection(SolutionProperties) = preSolution
		HideSolutionNode = FALSE
	EndGlobalSection
	GlobalSection(ExtensibilityGlobals) = postSolution
		SolutionGuid = {7DC8FF2D-0249-4E22-994D-0BF948AE4D3C}
	EndGlobalSection
EndGlobal
